{
    "version": 3,
    "terraform_version": "0.11.8",
    "serial": 50,
    "lineage": "16488214-507e-9695-1faf-48be0837be9c",
    "modules": [
        {
            "path": [
                "root"
            ],
            "outputs": {},
            "resources": {},
            "depends_on": []
        },
        {
            "path": [
                "root",
                "platform"
            ],
            "outputs": {},
            "resources": {},
            "depends_on": []
        },
        {
            "path": [
                "root",
                "platform",
                "api"
            ],
            "outputs": {},
            "resources": {},
            "depends_on": []
        },
        {
            "path": [
                "root",
                "platform",
                "cert"
            ],
            "outputs": {
                "arn": {
                    "sensitive": false,
                    "type": "string",
                    "value": "arn:aws:acm:us-east-1:931615791205:certificate/aa830ded-97ce-4461-96e9-cad606411aae"
                }
            },
            "resources": {
                "aws_acm_certificate.cert": {
                    "type": "aws_acm_certificate",
                    "depends_on": [],
                    "primary": {
                        "id": "arn:aws:acm:us-east-1:931615791205:certificate/aa830ded-97ce-4461-96e9-cad606411aae",
                        "attributes": {
                            "arn": "arn:aws:acm:us-east-1:931615791205:certificate/aa830ded-97ce-4461-96e9-cad606411aae",
                            "domain_name": "*.azizjaved.com",
                            "domain_validation_options.#": "1",
                            "domain_validation_options.0.domain_name": "*.azizjaved.com",
                            "domain_validation_options.0.resource_record_name": "_8c7b5eb0c7a556f0866c85c4fc122953.azizjaved.com.",
                            "domain_validation_options.0.resource_record_type": "CNAME",
                            "domain_validation_options.0.resource_record_value": "_af47f874d279c728d3f1c75d44274907.tljzshvwok.acm-validations.aws.",
                            "id": "arn:aws:acm:us-east-1:931615791205:certificate/aa830ded-97ce-4461-96e9-cad606411aae",
                            "subject_alternative_names.#": "0",
                            "tags.%": "0",
                            "validation_emails.#": "0",
                            "validation_method": "DNS"
                        },
                        "meta": {},
                        "tainted": false
                    },
                    "deposed": [],
                    "provider": "provider.aws"
                }
            },
            "depends_on": []
        },
        {
            "path": [
                "root",
                "platform",
                "custdom_domain"
            ],
            "outputs": {},
            "resources": {},
            "depends_on": []
        },
        {
            "path": [
                "root",
                "platform",
                "lambda"
            ],
            "outputs": {},
            "resources": {},
            "depends_on": []
        },
        {
            "path": [
                "root",
                "platform",
                "subdomain_zone"
            ],
            "outputs": {},
            "resources": {},
            "depends_on": []
        }
    ]
}
