{
    "version": 3,
    "terraform_version": "0.11.8",
    "serial": 4,
    "lineage": "16488214-507e-9695-1faf-48be0837be9c",
    "modules": [
        {
            "path": [
                "root"
            ],
            "outputs": {
                "base_url": {
                    "sensitive": false,
                    "type": "string",
                    "value": "https://soui9cr2l7.execute-api.us-east-1.amazonaws.com/dev"
                }
            },
            "resources": {},
            "depends_on": []
        },
        {
            "path": [
                "root",
                "platform"
            ],
            "outputs": {
                "base_url": {
                    "sensitive": false,
                    "type": "string",
                    "value": "https://soui9cr2l7.execute-api.us-east-1.amazonaws.com/dev"
                }
            },
            "resources": {},
            "depends_on": []
        },
        {
            "path": [
                "root",
                "platform",
                "api"
            ],
            "outputs": {
                "base_url": {
                    "sensitive": false,
                    "type": "string",
                    "value": "https://soui9cr2l7.execute-api.us-east-1.amazonaws.com/dev"
                }
            },
            "resources": {
                "aws_api_gateway_deployment.deployment": {
                    "type": "aws_api_gateway_deployment",
                    "depends_on": [
                        "aws_api_gateway_integration.lambda",
                        "aws_api_gateway_method.proxy",
                        "aws_api_gateway_rest_api.api"
                    ],
                    "primary": {
                        "id": "uf9iky",
                        "attributes": {
                            "created_date": "2018-09-05T18:31:09Z",
                            "description": "",
                            "execution_arn": "arn:aws:execute-api:us-east-1:931615791205:soui9cr2l7/dev",
                            "id": "uf9iky",
                            "invoke_url": "https://soui9cr2l7.execute-api.us-east-1.amazonaws.com/dev",
                            "rest_api_id": "soui9cr2l7",
                            "stage_name": "dev"
                        },
                        "meta": {},
                        "tainted": false
                    },
                    "deposed": [],
                    "provider": "provider.aws"
                },
                "aws_api_gateway_integration.lambda": {
                    "type": "aws_api_gateway_integration",
                    "depends_on": [
                        "aws_api_gateway_method.proxy",
                        "aws_api_gateway_resource.proxy",
                        "aws_api_gateway_rest_api.api"
                    ],
                    "primary": {
                        "id": "agi-soui9cr2l7-nqz8ux-ANY",
                        "attributes": {
                            "cache_key_parameters.#": "0",
                            "cache_namespace": "nqz8ux",
                            "connection_id": "",
                            "connection_type": "INTERNET",
                            "content_handling": "",
                            "credentials": "",
                            "http_method": "ANY",
                            "id": "agi-soui9cr2l7-nqz8ux-ANY",
                            "integration_http_method": "POST",
                            "passthrough_behavior": "WHEN_NO_MATCH",
                            "request_parameters.%": "0",
                            "request_templates.%": "0",
                            "resource_id": "nqz8ux",
                            "rest_api_id": "soui9cr2l7",
                            "timeout_milliseconds": "29000",
                            "type": "AWS_PROXY",
                            "uri": "arn:aws:apigateway:us-east-1:lambda:path/2015-03-31/functions/arn:aws:lambda:us-east-1:931615791205:function:dev-calendar-api/invocations"
                        },
                        "meta": {},
                        "tainted": false
                    },
                    "deposed": [],
                    "provider": "provider.aws"
                },
                "aws_api_gateway_method.proxy": {
                    "type": "aws_api_gateway_method",
                    "depends_on": [
                        "aws_api_gateway_resource.proxy",
                        "aws_api_gateway_rest_api.api"
                    ],
                    "primary": {
                        "id": "agm-soui9cr2l7-nqz8ux-ANY",
                        "attributes": {
                            "api_key_required": "false",
                            "authorization": "NONE",
                            "authorization_scopes.#": "0",
                            "authorizer_id": "",
                            "http_method": "ANY",
                            "id": "agm-soui9cr2l7-nqz8ux-ANY",
                            "request_models.%": "0",
                            "request_parameters.%": "0",
                            "request_validator_id": "",
                            "resource_id": "nqz8ux",
                            "rest_api_id": "soui9cr2l7"
                        },
                        "meta": {},
                        "tainted": false
                    },
                    "deposed": [],
                    "provider": "provider.aws"
                },
                "aws_api_gateway_resource.proxy": {
                    "type": "aws_api_gateway_resource",
                    "depends_on": [
                        "aws_api_gateway_rest_api.api"
                    ],
                    "primary": {
                        "id": "nqz8ux",
                        "attributes": {
                            "id": "nqz8ux",
                            "parent_id": "dnqznfkfii",
                            "path": "/{proxy+}",
                            "path_part": "{proxy+}",
                            "rest_api_id": "soui9cr2l7"
                        },
                        "meta": {},
                        "tainted": false
                    },
                    "deposed": [],
                    "provider": "provider.aws"
                },
                "aws_api_gateway_rest_api.api": {
                    "type": "aws_api_gateway_rest_api",
                    "depends_on": [],
                    "primary": {
                        "id": "soui9cr2l7",
                        "attributes": {
                            "api_key_source": "HEADER",
                            "binary_media_types.#": "0",
                            "created_date": "2018-09-05T18:31:07Z",
                            "description": "API to provide aggregate data on private calendars",
                            "endpoint_configuration.#": "1",
                            "endpoint_configuration.0.types.#": "1",
                            "endpoint_configuration.0.types.0": "EDGE",
                            "execution_arn": "arn:aws:execute-api:us-east-1:931615791205:soui9cr2l7",
                            "id": "soui9cr2l7",
                            "minimum_compression_size": "-1",
                            "name": "dev-calendar-api",
                            "policy": "",
                            "root_resource_id": "dnqznfkfii"
                        },
                        "meta": {},
                        "tainted": false
                    },
                    "deposed": [],
                    "provider": "provider.aws"
                },
                "aws_lambda_permission.permit": {
                    "type": "aws_lambda_permission",
                    "depends_on": [
                        "aws_api_gateway_deployment.deployment"
                    ],
                    "primary": {
                        "id": "AllowAPIGatewayInvoke",
                        "attributes": {
                            "action": "lambda:InvokeFunction",
                            "function_name": "arn:aws:lambda:us-east-1:931615791205:function:dev-calendar-api",
                            "id": "AllowAPIGatewayInvoke",
                            "principal": "apigateway.amazonaws.com",
                            "qualifier": "",
                            "source_arn": "arn:aws:execute-api:us-east-1:931615791205:soui9cr2l7/dev/*/*",
                            "statement_id": "AllowAPIGatewayInvoke"
                        },
                        "meta": {},
                        "tainted": false
                    },
                    "deposed": [],
                    "provider": "provider.aws"
                }
            },
            "depends_on": []
        },
        {
            "path": [
                "root",
                "platform",
                "lambda"
            ],
            "outputs": {
                "arn": {
                    "sensitive": false,
                    "type": "string",
                    "value": "arn:aws:lambda:us-east-1:931615791205:function:dev-calendar-api"
                },
                "invoke_arn": {
                    "sensitive": false,
                    "type": "string",
                    "value": "arn:aws:apigateway:us-east-1:lambda:path/2015-03-31/functions/arn:aws:lambda:us-east-1:931615791205:function:dev-calendar-api/invocations"
                }
            },
            "resources": {
                "aws_iam_role.iam_for_lambda": {
                    "type": "aws_iam_role",
                    "depends_on": [],
                    "primary": {
                        "id": "dev-iam_for_calendar_api_lambda",
                        "attributes": {
                            "arn": "arn:aws:iam::931615791205:role/dev-iam_for_calendar_api_lambda",
                            "assume_role_policy": "{\"Version\":\"2012-10-17\",\"Statement\":[{\"Sid\":\"\",\"Effect\":\"Allow\",\"Principal\":{\"Service\":\"lambda.amazonaws.com\"},\"Action\":\"sts:AssumeRole\"}]}",
                            "create_date": "2018-09-05T18:28:38Z",
                            "description": "",
                            "force_detach_policies": "false",
                            "id": "dev-iam_for_calendar_api_lambda",
                            "max_session_duration": "3600",
                            "name": "dev-iam_for_calendar_api_lambda",
                            "path": "/",
                            "unique_id": "AROAIUEOKZILFEQSGU7LE"
                        },
                        "meta": {},
                        "tainted": false
                    },
                    "deposed": [],
                    "provider": "provider.aws"
                },
                "aws_iam_role_policy_attachment.lambda_access": {
                    "type": "aws_iam_role_policy_attachment",
                    "depends_on": [
                        "aws_iam_role.iam_for_lambda"
                    ],
                    "primary": {
                        "id": "dev-iam_for_calendar_api_lambda-20180905182838775000000001",
                        "attributes": {
                            "id": "dev-iam_for_calendar_api_lambda-20180905182838775000000001",
                            "policy_arn": "arn:aws:iam::aws:policy/service-role/AWSLambdaBasicExecutionRole",
                            "role": "dev-iam_for_calendar_api_lambda"
                        },
                        "meta": {},
                        "tainted": false
                    },
                    "deposed": [],
                    "provider": "provider.aws"
                },
                "aws_lambda_function.lambda": {
                    "type": "aws_lambda_function",
                    "depends_on": [
                        "aws_iam_role.iam_for_lambda"
                    ],
                    "primary": {
                        "id": "dev-calendar-api",
                        "attributes": {
                            "arn": "arn:aws:lambda:us-east-1:931615791205:function:dev-calendar-api",
                            "dead_letter_config.#": "0",
                            "description": "Nodejs API to provide aggregate data on private calendars",
                            "environment.#": "0",
                            "filename": "C:\\Projects\\google-calendar-analytics\\terraform\\environments\\dev\\.terraform\\modules\\8fa7b52ac065798b03b18ef41a2628c4/lambda.zip",
                            "function_name": "dev-calendar-api",
                            "handler": "lambda.handler",
                            "id": "dev-calendar-api",
                            "invoke_arn": "arn:aws:apigateway:us-east-1:lambda:path/2015-03-31/functions/arn:aws:lambda:us-east-1:931615791205:function:dev-calendar-api/invocations",
                            "kms_key_arn": "",
                            "last_modified": "2018-09-05T18:31:09.971+0000",
                            "memory_size": "256",
                            "publish": "false",
                            "qualified_arn": "arn:aws:lambda:us-east-1:931615791205:function:dev-calendar-api:$LATEST",
                            "reserved_concurrent_executions": "0",
                            "role": "arn:aws:iam::931615791205:role/dev-iam_for_calendar_api_lambda",
                            "runtime": "nodejs8.10",
                            "source_code_hash": "rK04jsZnYkIqep/Om8xc0+zMIOCk1/iF0O/Et0nGIys=",
                            "source_code_size": "827484",
                            "tags.%": "0",
                            "timeout": "30",
                            "tracing_config.#": "1",
                            "tracing_config.0.mode": "PassThrough",
                            "version": "$LATEST",
                            "vpc_config.#": "0"
                        },
                        "meta": {},
                        "tainted": false
                    },
                    "deposed": [],
                    "provider": "provider.aws"
                }
            },
            "depends_on": []
        }
    ]
}
